schema: '2.0'
stages:
  train_siamese_simple_bilstm_general_queue:
    cmd: "python ../../src/train.py params.yaml siamese_simple_bilstm ../../storage/data/prepared/general_train.parquet\
      \ ../../storage/data/prepared/general_val.parquet ../../storage/models/tokenizers/tokenizer_general.json\n"
    deps:
    - path: ../../src/modeling/siamese_simple_bilstm/data.py
      md5: 3d53cd6c56d47a9d4de46931fb5691e4
      size: 4881
    - path: ../../src/modeling/siamese_simple_bilstm/model.py
      md5: 2b05ad5961c82eb81f65abfe0da7fce8
      size: 5948
    - path: ../../src/train.py
      md5: 612127970eda3499065f411364e5df0d
      size: 2240
    - path: ../../storage/data/prepared/general_train.parquet
      md5: f7298805fe8fe3c80b7e2fc9fbe8f12f
      size: 1434369755
    - path: ../../storage/data/prepared/general_val.parquet
      md5: 69f86c56689eaa9d5d83fe3c95470ec3
      size: 3194175235
    - path: ../../storage/models/tokenizers/tokenizer_general.json
      md5: 69a183a40824b3d2d38f6cfc3559ca4e
      size: 1342740
    params:
      params.yaml:
        siamese_simple_bilstm.initial_lr: 0.001
        siamese_simple_bilstm.max_epochs: 5
        siamese_simple_bilstm.text_embed_dim: 128
        siamese_simple_bilstm.text_max_length: 512
        siamese_simple_bilstm.text_num_layers: 2
    outs:
    - path: ../../storage/models/siamese_simple_bilstm_general_model.ckpt
      md5: 86ddd44045abdb00db79adcbfa10aff1
      size: 77270624
  evaluate_simple_bilstm_general_queue:
    cmd: "python ../../src/evaluate.py siamese_simple_bilstm ../../storage/data/prepared/general_val.parquet\
      \ ../../storage/models/tokenizers/tokenizer_general.json ../../storage/models/siamese_simple_bilstm_general_model.ckpt\n"
    deps:
    - path: ../../src/evaluate.py
      md5: 036c19d8199cc32746fce28fead8ca05
      size: 4219
    - path: ../../storage/data/prepared/general_val.parquet
      md5: 69f86c56689eaa9d5d83fe3c95470ec3
      size: 3194175235
    - path: ../../storage/models/siamese_simple_bilstm_general_model.ckpt
      md5: 86ddd44045abdb00db79adcbfa10aff1
      size: 77270624
    - path: ../../storage/models/tokenizers/tokenizer_general.json
      md5: 69a183a40824b3d2d38f6cfc3559ca4e
      size: 1342740
    outs:
    - path: ../../logs/siamese_simple_bilstm_general_scores_file.json
      md5: 6a475b0d9923869b10be67b25e1a4d8c
      size: 27
    - path: ../../storage/data/prepared/siamese_simple_bilstm_general_val_with_preds.parquet
      md5: 365d5af852c3b8d22126bc0f7b935ed4
      size: 52762667
  update_readme:
    cmd: "python ../../src/update_readme.py params.yaml ../basic/params.yaml siamese_simple_bilstm\
      \ ../../logs/siamese_simple_bilstm_general_scores_file.json\n"
    deps:
    - path: ../../logs/siamese_simple_bilstm_general_scores_file.json
      md5: 6a475b0d9923869b10be67b25e1a4d8c
      size: 27
    - path: ../../src/update_readme.py
      md5: 9931629472c9978ed5116d481997e900
      size: 1381
    - path: ../../storage/data/prepared/siamese_simple_bilstm_general_val_with_preds.parquet
      md5: 365d5af852c3b8d22126bc0f7b935ed4
      size: 52762667
